
Microsoft Visual Studio Solution File, Format Version 12.00
# Visual Studio Version 17
VisualStudioVersion = 17.11.35303.130
MinimumVisualStudioVersion = 10.0.40219.1
Project("{2150E333-8FDC-42A3-9474-1A3956D46DE8}") = "Task0", "Task0", "{A2164DD2-45A2-4645-B6AD-A4C15CAB652A}"
EndProject
Project("{9A19103F-16F7-4668-BE54-9A1E7A4F7556}") = "Tyuiu.YakimukVV.Sprint4.Task0.V23", "Tyuiu.YakimukVV.Sprint4.Task0.V23\Tyuiu.YakimukVV.Sprint4.Task0.V23.csproj", "{5E8CB837-1658-4141-B0E6-CCA318B7CE77}"
EndProject
Project("{9A19103F-16F7-4668-BE54-9A1E7A4F7556}") = "Tyuiu.YakimukVV.Sprint4.Task0.V23.Lib", "Tyuiu.YakimukVV.Sprint4.Task0.V23.Lib\Tyuiu.YakimukVV.Sprint4.Task0.V23.Lib.csproj", "{70B10E86-6292-4EE1-A93C-67858A0BF19F}"
EndProject
Project("{9A19103F-16F7-4668-BE54-9A1E7A4F7556}") = "Tyuiu.YakimukVV.Sprint4.Task0.V23.Test", "Tyuiu.YakimukVV.Sprint4.Task0.V23.Test\Tyuiu.YakimukVV.Sprint4.Task0.V23.Test.csproj", "{C8315608-D8F1-42C9-A4EA-D6964EDD661C}"
EndProject
Project("{2150E333-8FDC-42A3-9474-1A3956D46DE8}") = "Task1", "Task1", "{1C5ECA51-C17F-4BDF-9EE2-820FBB445FBD}"
EndProject
Project("{9A19103F-16F7-4668-BE54-9A1E7A4F7556}") = "Tyuiu.YakimukVV.Sprint4.Task1.V29", "Tyuiu.YakimukVV.Sprint4.Task1.V29\Tyuiu.YakimukVV.Sprint4.Task1.V29.csproj", "{31E36E20-565C-44C7-A8C3-4ADC346052F5}"
EndProject
Project("{9A19103F-16F7-4668-BE54-9A1E7A4F7556}") = "Tyuiu.YakimukVV.Sprint4.Task1.V29.Lib", "Tyuiu.YakimukVV.Sprint4.Task1.V29.Lib\Tyuiu.YakimukVV.Sprint4.Task1.V29.Lib.csproj", "{AF9C79AF-0D34-4C8B-B0BB-6899867D2A99}"
EndProject
Project("{9A19103F-16F7-4668-BE54-9A1E7A4F7556}") = "Tyuiu.YakimukVV.Sprint4.Task1.V29.Test", "Tyuiu.YakimukVV.Sprint4.Task1.V29.Test\Tyuiu.YakimukVV.Sprint4.Task1.V29.Test.csproj", "{B1C29E66-77F9-4011-8486-214E894B9F65}"
EndProject
Project("{2150E333-8FDC-42A3-9474-1A3956D46DE8}") = "Task2", "Task2", "{B7F8A511-F61C-41F3-9AF5-425BB55A3862}"
EndProject
Project("{FAE04EC0-301F-11D3-BF4B-00C04F79EFBC}") = "Tyuiu.YakimukVV.Sprint4.Task2.V13", "Tyuiu.YakimukVV.Sprint4.Task2.V13\Tyuiu.YakimukVV.Sprint4.Task2.V13.csproj", "{368DD177-1CEE-4BC5-B5A3-AE1E30696FBE}"
EndProject
Project("{FAE04EC0-301F-11D3-BF4B-00C04F79EFBC}") = "Tyuiu.YakimukVV.Sprint4.Task2.V13.Lib", "Tyuiu.YakimukVV.Sprint4.Task2.V13.Lib\Tyuiu.YakimukVV.Sprint4.Task2.V13.Lib.csproj", "{121D5D8E-E0DE-4F03-AB61-E596C7EC59C4}"
EndProject
Project("{FAE04EC0-301F-11D3-BF4B-00C04F79EFBC}") = "Tyuiu.YakimukVV.Sprint4.Task2.V13.Test", "Tyuiu.YakimukVV.Sprint4.Task2.V13.Test\Tyuiu.YakimukVV.Sprint4.Task2.V13.Test.csproj", "{1EC6DCD1-23FA-40D2-8CBD-7122D2BC9B7F}"
EndProject
Global
	GlobalSection(SolutionConfigurationPlatforms) = preSolution
		Debug|Any CPU = Debug|Any CPU
		Release|Any CPU = Release|Any CPU
	EndGlobalSection
	GlobalSection(ProjectConfigurationPlatforms) = postSolution
		{5E8CB837-1658-4141-B0E6-CCA318B7CE77}.Debug|Any CPU.ActiveCfg = Debug|Any CPU
		{5E8CB837-1658-4141-B0E6-CCA318B7CE77}.Debug|Any CPU.Build.0 = Debug|Any CPU
		{5E8CB837-1658-4141-B0E6-CCA318B7CE77}.Release|Any CPU.ActiveCfg = Release|Any CPU
		{5E8CB837-1658-4141-B0E6-CCA318B7CE77}.Release|Any CPU.Build.0 = Release|Any CPU
		{70B10E86-6292-4EE1-A93C-67858A0BF19F}.Debug|Any CPU.ActiveCfg = Debug|Any CPU
		{70B10E86-6292-4EE1-A93C-67858A0BF19F}.Debug|Any CPU.Build.0 = Debug|Any CPU
		{70B10E86-6292-4EE1-A93C-67858A0BF19F}.Release|Any CPU.ActiveCfg = Release|Any CPU
		{70B10E86-6292-4EE1-A93C-67858A0BF19F}.Release|Any CPU.Build.0 = Release|Any CPU
		{C8315608-D8F1-42C9-A4EA-D6964EDD661C}.Debug|Any CPU.ActiveCfg = Debug|Any CPU
		{C8315608-D8F1-42C9-A4EA-D6964EDD661C}.Debug|Any CPU.Build.0 = Debug|Any CPU
		{C8315608-D8F1-42C9-A4EA-D6964EDD661C}.Release|Any CPU.ActiveCfg = Release|Any CPU
		{C8315608-D8F1-42C9-A4EA-D6964EDD661C}.Release|Any CPU.Build.0 = Release|Any CPU
		{31E36E20-565C-44C7-A8C3-4ADC346052F5}.Debug|Any CPU.ActiveCfg = Debug|Any CPU
		{31E36E20-565C-44C7-A8C3-4ADC346052F5}.Debug|Any CPU.Build.0 = Debug|Any CPU
		{31E36E20-565C-44C7-A8C3-4ADC346052F5}.Release|Any CPU.ActiveCfg = Release|Any CPU
		{31E36E20-565C-44C7-A8C3-4ADC346052F5}.Release|Any CPU.Build.0 = Release|Any CPU
		{AF9C79AF-0D34-4C8B-B0BB-6899867D2A99}.Debug|Any CPU.ActiveCfg = Debug|Any CPU
		{AF9C79AF-0D34-4C8B-B0BB-6899867D2A99}.Debug|Any CPU.Build.0 = Debug|Any CPU
		{AF9C79AF-0D34-4C8B-B0BB-6899867D2A99}.Release|Any CPU.ActiveCfg = Release|Any CPU
		{AF9C79AF-0D34-4C8B-B0BB-6899867D2A99}.Release|Any CPU.Build.0 = Release|Any CPU
		{B1C29E66-77F9-4011-8486-214E894B9F65}.Debug|Any CPU.ActiveCfg = Debug|Any CPU
		{B1C29E66-77F9-4011-8486-214E894B9F65}.Debug|Any CPU.Build.0 = Debug|Any CPU
		{B1C29E66-77F9-4011-8486-214E894B9F65}.Release|Any CPU.ActiveCfg = Release|Any CPU
		{B1C29E66-77F9-4011-8486-214E894B9F65}.Release|Any CPU.Build.0 = Release|Any CPU
		{368DD177-1CEE-4BC5-B5A3-AE1E30696FBE}.Debug|Any CPU.ActiveCfg = Debug|Any CPU
		{368DD177-1CEE-4BC5-B5A3-AE1E30696FBE}.Debug|Any CPU.Build.0 = Debug|Any CPU
		{368DD177-1CEE-4BC5-B5A3-AE1E30696FBE}.Release|Any CPU.ActiveCfg = Release|Any CPU
		{368DD177-1CEE-4BC5-B5A3-AE1E30696FBE}.Release|Any CPU.Build.0 = Release|Any CPU
		{121D5D8E-E0DE-4F03-AB61-E596C7EC59C4}.Debug|Any CPU.ActiveCfg = Debug|Any CPU
		{121D5D8E-E0DE-4F03-AB61-E596C7EC59C4}.Debug|Any CPU.Build.0 = Debug|Any CPU
		{121D5D8E-E0DE-4F03-AB61-E596C7EC59C4}.Release|Any CPU.ActiveCfg = Release|Any CPU
		{121D5D8E-E0DE-4F03-AB61-E596C7EC59C4}.Release|Any CPU.Build.0 = Release|Any CPU
		{1EC6DCD1-23FA-40D2-8CBD-7122D2BC9B7F}.Debug|Any CPU.ActiveCfg = Debug|Any CPU
		{1EC6DCD1-23FA-40D2-8CBD-7122D2BC9B7F}.Debug|Any CPU.Build.0 = Debug|Any CPU
		{1EC6DCD1-23FA-40D2-8CBD-7122D2BC9B7F}.Release|Any CPU.ActiveCfg = Release|Any CPU
		{1EC6DCD1-23FA-40D2-8CBD-7122D2BC9B7F}.Release|Any CPU.Build.0 = Release|Any CPU
	EndGlobalSection
	GlobalSection(SolutionProperties) = preSolution
		HideSolutionNode = FALSE
	EndGlobalSection
	GlobalSection(NestedProjects) = preSolution
		{5E8CB837-1658-4141-B0E6-CCA318B7CE77} = {A2164DD2-45A2-4645-B6AD-A4C15CAB652A}
		{70B10E86-6292-4EE1-A93C-67858A0BF19F} = {A2164DD2-45A2-4645-B6AD-A4C15CAB652A}
		{C8315608-D8F1-42C9-A4EA-D6964EDD661C} = {A2164DD2-45A2-4645-B6AD-A4C15CAB652A}
		{31E36E20-565C-44C7-A8C3-4ADC346052F5} = {1C5ECA51-C17F-4BDF-9EE2-820FBB445FBD}
		{AF9C79AF-0D34-4C8B-B0BB-6899867D2A99} = {1C5ECA51-C17F-4BDF-9EE2-820FBB445FBD}
		{B1C29E66-77F9-4011-8486-214E894B9F65} = {1C5ECA51-C17F-4BDF-9EE2-820FBB445FBD}
		{368DD177-1CEE-4BC5-B5A3-AE1E30696FBE} = {B7F8A511-F61C-41F3-9AF5-425BB55A3862}
		{121D5D8E-E0DE-4F03-AB61-E596C7EC59C4} = {B7F8A511-F61C-41F3-9AF5-425BB55A3862}
		{1EC6DCD1-23FA-40D2-8CBD-7122D2BC9B7F} = {B7F8A511-F61C-41F3-9AF5-425BB55A3862}
	EndGlobalSection
	GlobalSection(ExtensibilityGlobals) = postSolution
		SolutionGuid = {1FEC14B6-4DFF-4654-B4DC-5F99ADEB47CF}
	EndGlobalSection
EndGlobal
